{
  "version": 4,
  "terraform_version": "1.9.8",
  "serial": 18,
  "lineage": "b9761af8-0b75-7224-8d74-db97d8ff6b2d",
  "outputs": {
    "instance_name": {
      "value": "budget-app",
      "type": "string"
    },
    "instance_zone": {
      "value": "us-east1-b",
      "type": "string"
    },
    "ssh_connection_command": {
      "value": "gcloud compute ssh budget-app --zone=us-east1-b",
      "type": "string"
    }
  },
  "resources": [
    {
      "mode": "managed",
      "type": "google_compute_firewall",
      "name": "allow_http_https",
      "provider": "provider[\"registry.terraform.io/hashicorp/google\"]",
      "instances": [
        {
          "schema_version": 1,
          "attributes": {
            "allow": [
              {
                "ports": [
                  "80",
                  "443"
                ],
                "protocol": "tcp"
              }
            ],
            "creation_timestamp": "2025-11-10T13:30:44.110-08:00",
            "deny": [],
            "description": "",
            "destination_ranges": [],
            "direction": "INGRESS",
            "disabled": false,
            "enable_logging": null,
            "id": "projects/budget-app-477622/global/firewalls/allow-http-https",
            "log_config": [],
            "name": "allow-http-https",
            "network": "https://www.googleapis.com/compute/v1/projects/budget-app-477622/global/networks/default",
            "priority": 1000,
            "project": "budget-app-477622",
            "self_link": "https://www.googleapis.com/compute/v1/projects/budget-app-477622/global/firewalls/allow-http-https",
            "source_ranges": [
              "0.0.0.0/0"
            ],
            "source_service_accounts": null,
            "source_tags": null,
            "target_service_accounts": null,
            "target_tags": [
              "web"
            ],
            "timeouts": null
          },
          "sensitive_attributes": [],
          "private": "eyJlMmJmYjczMC1lY2FhLTExZTYtOGY4OC0zNDM2M2JjN2M0YzAiOnsiY3JlYXRlIjoxMjAwMDAwMDAwMDAwLCJkZWxldGUiOjEyMDAwMDAwMDAwMDAsInVwZGF0ZSI6MTIwMDAwMDAwMDAwMH0sInNjaGVtYV92ZXJzaW9uIjoiMSJ9"
        }
      ]
    },
    {
      "mode": "managed",
      "type": "google_compute_instance",
      "name": "budget_app",
      "provider": "provider[\"registry.terraform.io/hashicorp/google\"]",
      "instances": [
        {
          "status": "tainted",
          "schema_version": 6,
          "attributes": {
            "advanced_machine_features": [],
            "allow_stopping_for_update": null,
            "attached_disk": [],
            "boot_disk": [
              {
                "auto_delete": true,
                "device_name": "persistent-disk-0",
                "disk_encryption_key_raw": "",
                "disk_encryption_key_sha256": "",
                "initialize_params": [
                  {
                    "enable_confidential_compute": false,
                    "image": "https://www.googleapis.com/compute/v1/projects/debian-cloud/global/images/debian-12-bookworm-v20251014",
                    "labels": {},
                    "provisioned_iops": 0,
                    "provisioned_throughput": 0,
                    "resource_manager_tags": null,
                    "size": 20,
                    "storage_pool": "",
                    "type": "pd-standard"
                  }
                ],
                "kms_key_self_link": "",
                "mode": "READ_WRITE",
                "source": "https://www.googleapis.com/compute/v1/projects/budget-app-477622/zones/us-east1-b/disks/budget-app"
              }
            ],
            "can_ip_forward": false,
            "confidential_instance_config": [],
            "cpu_platform": "Intel Haswell",
            "current_status": "RUNNING",
            "deletion_protection": false,
            "description": "",
            "desired_status": null,
            "effective_labels": {},
            "enable_display": false,
            "guest_accelerator": [],
            "hostname": "",
            "id": "projects/budget-app-477622/zones/us-east1-b/instances/budget-app",
            "instance_id": "2848810600308402026",
            "label_fingerprint": "42WmSpB8rSM=",
            "labels": null,
            "machine_type": "f1-micro",
            "metadata": null,
            "metadata_fingerprint": "81Y7Nx4kTE4=",
            "metadata_startup_script": "#!/bin/bash\nset -e\n\n# ====== SWAP ======\nfallocate -l 1G /swapfile\nchmod 600 /swapfile\nmkswap /swapfile\nswapon /swapfile\necho '/swapfile swap swap defaults 0 0' \u003e\u003e /etc/fstab\n\n# ====== SISTEMA ======\napt-get update -y \u0026\u0026 apt-get upgrade -y\napt-get install -y software-properties-common curl git unzip nginx ufw mysql-server sqlite3\n\n# ====== PHP 8.2 ======\nadd-apt-repository ppa:ondrej/php -y\napt-get update -y\napt-get install -y php8.2 php8.2-cli php8.2-fpm php8.2-mbstring php8.2-xml php8.2-curl php8.2-mysql php8.2-zip php8.2-bcmath\n\n# ====== COMPOSER ======\ncurl -sS https://getcomposer.org/installer | php\nmv composer.phar /usr/local/bin/composer\n\n# ====== NODE 18 ======\ncurl -fsSL https://deb.nodesource.com/setup_18.x | bash -\napt-get install -y nodejs npm\n\n# ====== FIREWALL ======\nufw allow 'Nginx Full'\nufw --force enable\n\n# ====== MYSQL ======\nMYSQL_ROOT_PASSWORD=\"rootpass123\"\nMYSQL_DB=\"churchaccounting\"\nMYSQL_USER=\"budget_user\"\nMYSQL_PASS=\"budgetpass123\"\n\nsystemctl start mysql\nsystemctl enable mysql\n\nmysql -u root \u003c\u003cMYSQL_SCRIPT\n    CREATE DATABASE IF NOT EXISTS ${MYSQL_DB};\n    CREATE USER IF NOT EXISTS '${MYSQL_USER}'@'%' IDENTIFIED BY '${MYSQL_PASS}';\n    GRANT ALL PRIVILEGES ON ${MYSQL_DB}.* TO '${MYSQL_USER}'@'%';\n    FLUSH PRIVILEGES;\nMYSQL_SCRIPT\n\n# ====== CLONAR PROYECTO ======\ncd /var/www\ngit clone https://github.com/jvillalobosvega/churchaccounting.git budget-app\ncd budget-app\n\n# ====== DEPENDENCIAS PHP + NODE ======\ncomposer install --no-interaction --prefer-dist\nnpm install\nnpm run build\n\n# ====== PERMISOS ======\nchown -R www-data:www-data /var/www/budget-app/storage /var/www/budget-app/bootstrap/cache\n\n# ====== NGINX ======\ncat \u003c\u003cNGINXCONF \u003e/etc/nginx/sites-available/budget-app\n    server {\n        listen 80;\n        server_name _;\n        root /var/www/budget-app/public;\n\n        index index.php index.html;\n\n        location / {\n            try_files \\$uri \\$uri/ /index.php?\\$query_string;\n        }\n\n        location ~ \\.php\\$ {\n            include snippets/fastcgi-php.conf;\n            fastcgi_pass unix:/run/php/php8.2-fpm.sock;\n        }\n\n        location ~ /\\.ht {\n            deny all;\n        }\n    }\nNGINXCONF\n\nln -s /etc/nginx/sites-available/budget-app /etc/nginx/sites-enabled/\nrm -f /etc/nginx/sites-enabled/default\nnginx -t \u0026\u0026 systemctl reload nginx\n",
            "min_cpu_platform": "",
            "name": "budget-app",
            "network_interface": [
              {
                "access_config": [
                  {
                    "nat_ip": "34.138.90.205",
                    "network_tier": "PREMIUM",
                    "public_ptr_domain_name": ""
                  }
                ],
                "alias_ip_range": [],
                "internal_ipv6_prefix_length": 0,
                "ipv6_access_config": [],
                "ipv6_access_type": "",
                "ipv6_address": "",
                "name": "nic0",
                "network": "https://www.googleapis.com/compute/v1/projects/budget-app-477622/global/networks/default",
                "network_ip": "10.142.0.4",
                "nic_type": "",
                "queue_count": 0,
                "stack_type": "IPV4_ONLY",
                "subnetwork": "https://www.googleapis.com/compute/v1/projects/budget-app-477622/regions/us-east1/subnetworks/default",
                "subnetwork_project": "budget-app-477622"
              }
            ],
            "network_performance_config": [],
            "params": [],
            "project": "budget-app-477622",
            "reservation_affinity": [],
            "resource_policies": null,
            "scheduling": [
              {
                "automatic_restart": true,
                "instance_termination_action": "",
                "local_ssd_recovery_timeout": [],
                "max_run_duration": [],
                "min_node_cpus": 0,
                "node_affinities": [],
                "on_host_maintenance": "MIGRATE",
                "on_instance_stop_action": [],
                "preemptible": false,
                "provisioning_model": "STANDARD"
              }
            ],
            "scratch_disk": [],
            "self_link": "https://www.googleapis.com/compute/v1/projects/budget-app-477622/zones/us-east1-b/instances/budget-app",
            "service_account": [],
            "shielded_instance_config": [
              {
                "enable_integrity_monitoring": true,
                "enable_secure_boot": false,
                "enable_vtpm": true
              }
            ],
            "tags": [
              "basic",
              "budget-app",
              "web"
            ],
            "tags_fingerprint": "17tWYaxaV_I=",
            "terraform_labels": {},
            "timeouts": null,
            "zone": "us-east1-b"
          },
          "sensitive_attributes": [
            [
              {
                "type": "get_attr",
                "value": "boot_disk"
              },
              {
                "type": "index",
                "value": {
                  "value": 0,
                  "type": "number"
                }
              },
              {
                "type": "get_attr",
                "value": "disk_encryption_key_raw"
              }
            ]
          ],
          "private": "eyJlMmJmYjczMC1lY2FhLTExZTYtOGY4OC0zNDM2M2JjN2M0YzAiOnsiY3JlYXRlIjoxMjAwMDAwMDAwMDAwLCJkZWxldGUiOjEyMDAwMDAwMDAwMDAsInVwZGF0ZSI6MTIwMDAwMDAwMDAwMH0sInNjaGVtYV92ZXJzaW9uIjoiNiJ9"
        }
      ]
    }
  ],
  "check_results": null
}
